// !$*UTF8*$!
{
	archiveVersion = 1;
	classes = {
	};
	objectVersion = 46;
	objects = {

/* Begin PBXBuildFile section */
		13A44EC71E2A1853002A48B9 /* AppDelegate.swift in Sources */ = {isa = PBXBuildFile; fileRef = 13A44EC61E2A1853002A48B9 /* AppDelegate.swift */; };
		13A44EC91E2A1853002A48B9 /* ViewController.swift in Sources */ = {isa = PBXBuildFile; fileRef = 13A44EC81E2A1853002A48B9 /* ViewController.swift */; };
		13A44ECC1E2A1853002A48B9 /* Main.storyboard in Resources */ = {isa = PBXBuildFile; fileRef = 13A44ECA1E2A1853002A48B9 /* Main.storyboard */; };
		13A44ECE1E2A1853002A48B9 /* Assets.xcassets in Resources */ = {isa = PBXBuildFile; fileRef = 13A44ECD1E2A1853002A48B9 /* Assets.xcassets */; };
		13A44ED11E2A1853002A48B9 /* LaunchScreen.storyboard in Resources */ = {isa = PBXBuildFile; fileRef = 13A44ECF1E2A1853002A48B9 /* LaunchScreen.storyboard */; };
/* End PBXBuildFile section */

/* Begin PBXFileReference section */
		13A44EC31E2A1853002A48B9 /* github_ios.app */ = {isa = PBXFileReference; explicitFileType = wrapper.application; includeInIndex = 0; path = github_ios.app; sourceTree = BUILT_PRODUCTS_DIR; };
		13A44EC61E2A1853002A48B9 /* AppDelegate.swift */ = {isa = PBXFileReference; lastKnownFileType = sourcecode.swift; path = AppDelegate.swift; sourceTree = "<group>"; };
		13A44EC81E2A1853002A48B9 /* ViewController.swift */ = {isa = PBXFileReference; lastKnownFileType = sourcecode.swift; path = ViewController.swift; sourceTree = "<group>"; };
		13A44ECB1E2A1853002A48B9 /* Base */ = {isa = PBXFileReference; lastKnownFileType = file.storyboard; name = Base; path = Base.lproj/Main.storyboard; sourceTree = "<group>"; };
		13A44ECD1E2A1853002A48B9 /* Assets.xcassets */ = {isa = PBXFileReference; lastKnownFileType = folder.assetcatalog; path = Assets.xcassets; sourceTree = "<group>"; };
		13A44ED01E2A1853002A48B9 /* Base */ = {isa = PBXFileReference; lastKnownFileType = file.storyboard; name = Base; path = Base.lproj/LaunchScreen.storyboard; sourceTree = "<group>"; };
		13A44ED21E2A1853002A48B9 /* Info.plist */ = {isa = PBXFileReference; lastKnownFileType = text.plist.xml; path = Info.plist; sourceTree = "<group>"; };
/* End PBXFileReference section */

/* Begin PBXFrameworksBuildPhase section */
		13A44EC01E2A1853002A48B9 /* Frameworks */ = {
			isa = PBXFrameworksBuildPhase;
			buildActionMask = 2147483647;
			files = (
			);
			runOnlyForDeploymentPostprocessing = 0;
		};
/* End PBXFrameworksBuildPhase section */

/* Begin PBXGroup section */
		13A44EBA1E2A1853002A48B9 = {
			isa = PBXGroup;
			children = (
				13A44EC51E2A1853002A48B9 /* github_ios */,
				13A44EC41E2A1853002A48B9 /* Products */,
			);
			sourceTree = "<group>";
		};
		13A44EC41E2A1853002A48B9 /* Products */ = {
			isa = PBXGroup;
			children = (
				13A44EC31E2A1853002A48B9 /* github_ios.app */,
			);
			name = Products;
			sourceTree = "<group>";
		};
		13A44EC51E2A1853002A48B9 /* github_ios */ = {
			isa = PBXGroup;
			children = (
				13A44EC61E2A1853002A48B9 /* AppDelegate.swift */,
				13A44EC81E2A1853002A48B9 /* ViewController.swift */,
				13A44ECA1E2A1853002A48B9 /* Main.storyboard */,
				13A44ECD1E2A1853002A48B9 /* Assets.xcassets */,
				13A44ECF1E2A1853002A48B9 /* LaunchScreen.storyboard */,
				13A44ED21E2A1853002A48B9 /* Info.plist */,
			);
			path = github_ios;
			sourceTree = "<group>";
		};
/* End PBXGroup section */

/* Begin PBXNativeTarget section */
		13A44EC21E2A1853002A48B9 /* github_ios */ = {
			isa = PBXNativeTarget;
			buildConfigurationList = 13A44ED51E2A1853002A48B9 /* Build configuration list for PBXNativeTarget "github_ios" */;
			buildPhases = (
				13A44EBF1E2A1853002A48B9 /* Sources */,
				13A44EC01E2A1853002A48B9 /* Frameworks */,
				13A44EC11E2A1853002A48B9 /* Resources */,
			);
			buildRules = (
			);
			dependencies = (
			);
			name = github_ios;
			productName = github_ios;
			productReference = 13A44EC31E2A1853002A48B9 /* github_ios.app */;
			productType = "com.apple.product-type.application";
		};
/* End PBXNativeTarget section */

/* Begin PBXProject section */
		13A44EBB1E2A1853002A48B9 /* Project object */ = {
			isa = PBXProject;
			attributes = {
				LastSwiftUpdateCheck = 0820;
				LastUpgradeCheck = 0820;
				ORGANIZATIONNAME = "Akram Younes";
				TargetAttributes = {
					13A44EC21E2A1853002A48B9 = {
						CreatedOnToolsVersion = 8.2;
						DevelopmentTeam = 67DJ3PP5A7;
						ProvisioningStyle = Automatic;
					};
				};
			};
			buildConfigurationList = 13A44EBE1E2A1853002A48B9 /* Build configuration list for PBXProject "github_ios" */;
			compatibilityVersion = "Xcode 3.2";
			developmentRegion = English;
			hasScannedForEncodings = 0;
			knownRegions = (
				en,
				Base,
			);
			mainGroup = 13A44EBA1E2A1853002A48B9;
			productRefGroup = 13A44EC41E2A1853002A48B9 /* Products */;
			projectDirPath = "";
			projectRoot = "";
			targets = (
				13A44EC21E2A1853002A48B9 /* github_ios */,
			);
		};
/* End PBXProject section */

/* Begin PBXResourcesBuildPhase section */
		13A44EC11E2A1853002A48B9 /* Resources */ = {
			isa = PBXResourcesBuildPhase;
			buildActionMask = 2147483647;
			files = (
				13A44ED11E2A1853002A48B9 /* LaunchScreen.storyboard in Resources */,
				13A44ECE1E2A1853002A48B9 /* Assets.xcassets in Resources */,
				13A44ECC1E2A1853002A48B9 /* Main.storyboard in Resources */,
			);
			runOnlyForDeploymentPostprocessing = 0;
		};
/* End PBXResourcesBuildPhase section */

/* Begin PBXSourcesBuildPhase section */
		13A44EBF1E2A1853002A48B9 /* Sources */ = {
			isa = PBXSourcesBuildPhase;
			buildActionMask = 2147483647;
			files = (
				13A44EC91E2A1853002A48B9 /* ViewController.swift in Sources */,
				13A44EC71E2A1853002A48B9 /* AppDelegate.swift in Sources */,
			);
			runOnlyForDeploymentPostprocessing = 0;
		};
/* End PBXSourcesBuildPhase section */

/* Begin PBXVariantGroup section */
		13A44ECA1E2A1853002A48B9 /* Main.storyboard */ = {
			isa = PBXVariantGroup;
			children = (
				13A44ECB1E2A1853002A48B9 /* Base */,
			);
			name = Main.storyboard;
			sourceTree = "<group>";
		};
		13A44ECF1E2A1853002A48B9 /* LaunchScreen.storyboard */ = {
			isa = PBXVariantGroup;
			children = (
				13A44ED01E2A1853002A48B9 /* Base */,
			);
			name = LaunchScreen.storyboard;
			sourceTree = "<group>";
		};
/* End PBXVariantGroup section */

/* Begin XCBuildConfiguration section */
		13A44ED31E2A1853002A48B9 /* Debug */ = {
			isa = XCBuildConfiguration;
			buildSettings = {
				ALWAYS_SEARCH_USER_PATHS = NO;
				CLANG_ANALYZER_NONNULL = YES;
				CLANG_CXX_LANGUAGE_STANDARD = "gnu++0x";
				CLANG_CXX_LIBRARY = "libc++";
				CLANG_ENABLE_MODULES = YES;
				CLANG_ENABLE_OBJC_ARC = YES;
				CLANG_WARN_BOOL_CONVERSION = YES;
				CLANG_WARN_CONSTANT_CONVERSION = YES;
				CLANG_WARN_DIRECT_OBJC_ISA_USAGE = YES_ERROR;
				CLANG_WARN_DOCUMENTATION_COMMENTS = YES;
				CLANG_WARN_EMPTY_BODY = YES;
				CLANG_WARN_ENUM_CONVERSION = YES;
				CLANG_WARN_INFINITE_RECURSION = YES;
				CLANG_WARN_INT_CONVERSION = YES;
				CLANG_WARN_OBJC_ROOT_CLASS = YES_ERROR;
				CLANG_WARN_SUSPICIOUS_MOVE = YES;
				CLANG_WARN_UNREACHABLE_CODE = YES;
				CLANG_WARN__DUPLICATE_METHOD_MATCH = YES;
				"CODE_SIGN_IDENTITY[sdk=iphoneos*]" = "iPhone Developer";
				COPY_PHASE_STRIP = NO;
				DEBUG_INFORMATION_FORMAT = dwarf;
				ENABLE_STRICT_OBJC_MSGSEND = YES;
				ENABLE_TESTABILITY = YES;
				GCC_C_LANGUAGE_STANDARD = gnu99;
				GCC_DYNAMIC_NO_PIC = NO;
				GCC_NO_COMMON_BLOCKS = YES;
				GCC_OPTIMIZATION_LEVEL = 0;
				GCC_PREPROCESSOR_DEFINITIONS = (
					"DEBUG=1",
					"$(inherited)",
				);
				GCC_WARN_64_TO_32_BIT_CONVERSION = YES;
				GCC_WARN_ABOUT_RETURN_TYPE = YES_ERROR;
				GCC_WARN_UNDECLARED_SELECTOR = YES;
				GCC_WARN_UNINITIALIZED_AUTOS = YES_AGGRESSIVE;
				GCC_WARN_UNUSED_FUNCTION = YES;
				GCC_WARN_UNUSED_VARIABLE = YES;
				IPHONEOS_DEPLOYMENT_TARGET = 10.2;
				MTL_ENABLE_DEBUG_INFO = YES;
				ONLY_ACTIVE_ARCH = YES;
				SDKROOT = iphoneos;
				SWIFT_ACTIVE_COMPILATION_CONDITIONS = DEBUG;
				SWIFT_OPTIMIZATION_LEVEL = "-Onone";
			};
			name = Debug;
		};
		13A44ED41E2A1853002A48B9 /* Release */ = {
			isa = XCBuildConfiguration;
			buildSettings = {
				ALWAYS_SEARCH_USER_PATHS = NO;
				CLANG_ANALYZER_NONNULL = YES;
				CLANG_CXX_LANGUAGE_STANDARD = "gnu++0x";
				CLANG_CXX_LIBRARY = "libc++";
				CLANG_ENABLE_MODULES = YES;
				CLANG_ENABLE_OBJC_ARC = YES;
				CLANG_WARN_BOOL_CONVERSION = YES;
				CLANG_WARN_CONSTANT_CONVERSION = YES;
				CLANG_WARN_DIRECT_OBJC_ISA_USAGE = YES_ERROR;
				CLANG_WARN_DOCUMENTATION_COMMENTS = YES;
				CLANG_WARN_EMPTY_BODY = YES;
				CLANG_WARN_ENUM_CONVERSION = YES;
				CLANG_WARN_INFINITE_RECURSION = YES;
				CLANG_WARN_INT_CONVERSION = YES;
				CLANG_WARN_OBJC_ROOT_CLASS = YES_ERROR;
				CLANG_WARN_SUSPICIOUS_MOVE = YES;
				CLANG_WARN_UNREACHABLE_CODE = YES;
				CLANG_WARN__DUPLICATE_METHOD_MATCH = YES;
				"CODE_SIGN_IDENTITY[sdk=iphoneos*]" = "iPhone Developer";
				COPY_PHASE_STRIP = NO;
				DEBUG_INFORMATION_FORMAT = "dwarf-with-dsym";
				ENABLE_NS_ASSERTIONS = NO;
				ENABLE_STRICT_OBJC_MSGSEND = YES;
				GCC_C_LANGUAGE_STANDARD = gnu99;
				GCC_NO_COMMON_BLOCKS = YES;
				GCC_WARN_64_TO_32_BIT_CONVERSION = YES;
				GCC_WARN_ABOUT_RETURN_TYPE = YES_ERROR;
				GCC_WARN_UNDECLARED_SELECTOR = YES;
				GCC_WARN_UNINITIALIZED_AUTOS = YES_AGGRESSIVE;
				GCC_WARN_UNUSED_FUNCTION = YES;
				GCC_WARN_UNUSED_VARIABLE = YES;
				IPHONEOS_DEPLOYMENT_TARGET = 10.2;
				MTL_ENABLE_DEBUG_INFO = NO;
				SDKROOT = iphoneos;
				SWIFT_OPTIMIZATION_LEVEL = "-Owholemodule";
				VALIDATE_PRODUCT = YES;
			};
			name = Release;
		};
		13A44ED61E2A1853002A48B9 /* Debug */ = {
			isa = XCBuildConfiguration;
			buildSettings = {
				ASSETCATALOG_COMPILER_APPICON_NAME = AppIcon;
				DEVELOPMENT_TEAM = 67DJ3PP5A7;
				INFOPLIST_FILE = github_ios/Info.plist;
				LD_RUNPATH_SEARCH_PATHS = "$(inherited) @executable_path/Frameworks";
				PRODUCT_BUNDLE_IDENTIFIER = "net.paladv.github-ios";
				PRODUCT_NAME = "$(TARGET_NAME)";
				SWIFT_VERSION = 3.0;
			};
			name = Debug;
		};
		13A44ED71E2A1853002A48B9 /* Release */ = {
			isa = XCBuildConfiguration;
			buildSettings = {
				ASSETCATALOG_COMPILER_APPICON_NAME = AppIcon;
				DEVELOPMENT_TEAM = 67DJ3PP5A7;
				INFOPLIST_FILE = github_ios/Info.plist;
				LD_RUNPATH_SEARCH_PATHS = "$(inherited) @executable_path/Frameworks";
				PRODUCT_BUNDLE_IDENTIFIER = "net.paladv.github-ios";
				PRODUCT_NAME = "$(TARGET_NAME)";
				SWIFT_VERSION = 3.0;
			};
			name = Release;
		};
/* End XCBuildConfiguration section */

/* Begin XCConfigurationList section */
		13A44EBE1E2A1853002A48B9 /* Build configuration list for PBXProject "github_ios" */ = {
			isa = XCConfigurationList;
			buildConfigurations = (
				13A44ED31E2A1853002A48B9 /* Debug */,
				13A44ED41E2A1853002A48B9 /* Release */,
			);
			defaultConfigurationIsVisible = 0;
			defaultConfigurationName = Release;
		};
		13A44ED51E2A1853002A48B9 /* Build configuration list for PBXNativeTarget "github_ios" */ = {
			isa = XCConfigurationList;
			buildConfigurations = (
				13A44ED61E2A1853002A48B9 /* Debug */,
				13A44ED71E2A1853002A48B9 /* Release */,
			);
			defaultConfigurationIsVisible = 0;
		};
/* End XCConfigurationList section */
	};
	rootObject = 13A44EBB1E2A1853002A48B9 /* Project object */;
}
